
Microsoft Visual Studio Solution File, Format Version 12.00
# Visual Studio 2012
Project("{FAE04EC0-301F-11D3-BF4B-00C04F79EFBC}") = "Task1", "Task1\Task1.csproj", "{CF308ED5-FE78-455A-A7A6-E9B1FCE1A3EC}"
EndProject
Global
	GlobalSection(SolutionConfigurationPlatforms) = preSolution
		Debug|x86 = Debug|x86
		Release|x86 = Release|x86
	EndGlobalSection
	GlobalSection(ProjectConfigurationPlatforms) = postSolution
		{CF308ED5-FE78-455A-A7A6-E9B1FCE1A3EC}.Debug|x86.ActiveCfg = Debug|x86
		{CF308ED5-FE78-455A-A7A6-E9B1FCE1A3EC}.Debug|x86.Build.0 = Debug|x86
		{CF308ED5-FE78-455A-A7A6-E9B1FCE1A3EC}.Release|x86.ActiveCfg = Release|x86
		{CF308ED5-FE78-455A-A7A6-E9B1FCE1A3EC}.Release|x86.Build.0 = Release|x86
	EndGlobalSection
EndGlobal
